
Microsoft Visual Studio Solution File, Format Version 12.00
# Visual Studio Version 17
VisualStudioVersion = 17.6.33829.357
MinimumVisualStudioVersion = 10.0.40219.1
Project("{8BC9CEB8-8B4A-11D0-8D11-00A0C91BC942}") = "Cicada Framework", "Cicada Framework\Cicada Framework.vcxproj", "{072D80DC-AB89-4673-9270-EF8659C26888}"
EndProject
Global
	GlobalSection(SolutionConfigurationPlatforms) = preSolution
		Debug|x64 = Debug|x64
		Debug|x86 = Debug|x86
		Release|x64 = Release|x64
		Release|x86 = Release|x86
	EndGlobalSection
	GlobalSection(ProjectConfigurationPlatforms) = postSolution
		{072D80DC-AB89-4673-9270-EF8659C26888}.Debug|x64.ActiveCfg = Debug|x64
		{072D80DC-AB89-4673-9270-EF8659C26888}.Debug|x64.Build.0 = Debug|x64
		{072D80DC-AB89-4673-9270-EF8659C26888}.Debug|x86.ActiveCfg = Debug|Win32
		{072D80DC-AB89-4673-9270-EF8659C26888}.Debug|x86.Build.0 = Debug|Win32
		{072D80DC-AB89-4673-9270-EF8659C26888}.Release|x64.ActiveCfg = Release|x64
		{072D80DC-AB89-4673-9270-EF8659C26888}.Release|x64.Build.0 = Release|x64
		{072D80DC-AB89-4673-9270-EF8659C26888}.Release|x86.ActiveCfg = Release|Win32
		{072D80DC-AB89-4673-9270-EF8659C26888}.Release|x86.Build.0 = Release|Win32
	EndGlobalSection
	GlobalSection(SolutionProperties) = preSolution
		HideSolutionNode = FALSE
	EndGlobalSection
	GlobalSection(ExtensibilityGlobals) = postSolution
		SolutionGuid = {A905799A-8946-487A-B6B1-5A3B599D5A0F}
	EndGlobalSection
EndGlobal
